
Microsoft Visual Studio Solution File, Format Version 12.00
# Visual Studio 15
Project("{FAE04EC0-301F-11D3-BF4B-00C04F79EFBC}") = "Not Bug", "Not Bug.csproj", "{04DEC868-88D5-711E-C1BF-AB5364631F3C}"
EndProject
Project("{FAE04EC0-301F-11D3-BF4B-00C04F79EFBC}") = "Not Bug.Editor", "Not Bug.Editor.csproj", "{43D63BAB-2D1D-3946-F57F-7F64AD57B200}"
EndProject
Global
	GlobalSection(SolutionConfigurationPlatforms) = preSolution
		Debug|Any CPU = Debug|Any CPU
		Release|Any CPU = Release|Any CPU
	EndGlobalSection
	GlobalSection(ProjectConfigurationPlatforms) = postSolution
		{04DEC868-88D5-711E-C1BF-AB5364631F3C}.Debug|Any CPU.ActiveCfg = Debug|Any CPU
		{04DEC868-88D5-711E-C1BF-AB5364631F3C}.Debug|Any CPU.Build.0 = Debug|Any CPU
		{04DEC868-88D5-711E-C1BF-AB5364631F3C}.Release|Any CPU.ActiveCfg = Release|Any CPU
		{04DEC868-88D5-711E-C1BF-AB5364631F3C}.Release|Any CPU.Build.0 = Release|Any CPU
		{43D63BAB-2D1D-3946-F57F-7F64AD57B200}.Debug|Any CPU.ActiveCfg = Debug|Any CPU
		{43D63BAB-2D1D-3946-F57F-7F64AD57B200}.Debug|Any CPU.Build.0 = Debug|Any CPU
		{43D63BAB-2D1D-3946-F57F-7F64AD57B200}.Release|Any CPU.ActiveCfg = Release|Any CPU
		{43D63BAB-2D1D-3946-F57F-7F64AD57B200}.Release|Any CPU.Build.0 = Release|Any CPU
	EndGlobalSection
	GlobalSection(SolutionProperties) = preSolution
		HideSolutionNode = FALSE
	EndGlobalSection
EndGlobal
